// !$*UTF8*$!
{
	archiveVersion = 1;
	classes = {
	};
	objectVersion = 46;
	objects = {

/* Begin PBXBuildFile section */
		13B5E5431FA122B4008A4F68 /* AppDelegate.swift in Sources */ = {isa = PBXBuildFile; fileRef = 13B5E5421FA122B4008A4F68 /* AppDelegate.swift */; };
		13B5E5451FA122B4008A4F68 /* ViewController.swift in Sources */ = {isa = PBXBuildFile; fileRef = 13B5E5441FA122B4008A4F68 /* ViewController.swift */; };
		13B5E5481FA122B4008A4F68 /* Main.storyboard in Resources */ = {isa = PBXBuildFile; fileRef = 13B5E5461FA122B4008A4F68 /* Main.storyboard */; };
		13B5E54A1FA122B4008A4F68 /* Assets.xcassets in Resources */ = {isa = PBXBuildFile; fileRef = 13B5E5491FA122B4008A4F68 /* Assets.xcassets */; };
		13B5E54D1FA122B4008A4F68 /* LaunchScreen.storyboard in Resources */ = {isa = PBXBuildFile; fileRef = 13B5E54B1FA122B4008A4F68 /* LaunchScreen.storyboard */; };
		13B5E5581FA122B4008A4F68 /* BMITests.swift in Sources */ = {isa = PBXBuildFile; fileRef = 13B5E5571FA122B4008A4F68 /* BMITests.swift */; };
		13B5E5631FA122B4008A4F68 /* BMIUITests.swift in Sources */ = {isa = PBXBuildFile; fileRef = 13B5E5621FA122B4008A4F68 /* BMIUITests.swift */; };
		13B5E5711FA13767008A4F68 /* TableViewController.swift in Sources */ = {isa = PBXBuildFile; fileRef = 13B5E5701FA13767008A4F68 /* TableViewController.swift */; };
/* End PBXBuildFile section */

/* Begin PBXContainerItemProxy section */
		13B5E5541FA122B4008A4F68 /* PBXContainerItemProxy */ = {
			isa = PBXContainerItemProxy;
			containerPortal = 13B5E5371FA122B4008A4F68 /* Project object */;
			proxyType = 1;
			remoteGlobalIDString = 13B5E53E1FA122B4008A4F68;
			remoteInfo = BMI;
		};
		13B5E55F1FA122B4008A4F68 /* PBXContainerItemProxy */ = {
			isa = PBXContainerItemProxy;
			containerPortal = 13B5E5371FA122B4008A4F68 /* Project object */;
			proxyType = 1;
			remoteGlobalIDString = 13B5E53E1FA122B4008A4F68;
			remoteInfo = BMI;
		};
/* End PBXContainerItemProxy section */

/* Begin PBXFileReference section */
		13B5E53F1FA122B4008A4F68 /* BMI.app */ = {isa = PBXFileReference; explicitFileType = wrapper.application; includeInIndex = 0; path = BMI.app; sourceTree = BUILT_PRODUCTS_DIR; };
		13B5E5421FA122B4008A4F68 /* AppDelegate.swift */ = {isa = PBXFileReference; lastKnownFileType = sourcecode.swift; path = AppDelegate.swift; sourceTree = "<group>"; };
		13B5E5441FA122B4008A4F68 /* ViewController.swift */ = {isa = PBXFileReference; lastKnownFileType = sourcecode.swift; path = ViewController.swift; sourceTree = "<group>"; };
		13B5E5471FA122B4008A4F68 /* Base */ = {isa = PBXFileReference; lastKnownFileType = file.storyboard; name = Base; path = Base.lproj/Main.storyboard; sourceTree = "<group>"; };
		13B5E5491FA122B4008A4F68 /* Assets.xcassets */ = {isa = PBXFileReference; lastKnownFileType = folder.assetcatalog; path = Assets.xcassets; sourceTree = "<group>"; };
		13B5E54C1FA122B4008A4F68 /* Base */ = {isa = PBXFileReference; lastKnownFileType = file.storyboard; name = Base; path = Base.lproj/LaunchScreen.storyboard; sourceTree = "<group>"; };
		13B5E54E1FA122B4008A4F68 /* Info.plist */ = {isa = PBXFileReference; lastKnownFileType = text.plist.xml; path = Info.plist; sourceTree = "<group>"; };
		13B5E5531FA122B4008A4F68 /* BMITests.xctest */ = {isa = PBXFileReference; explicitFileType = wrapper.cfbundle; includeInIndex = 0; path = BMITests.xctest; sourceTree = BUILT_PRODUCTS_DIR; };
		13B5E5571FA122B4008A4F68 /* BMITests.swift */ = {isa = PBXFileReference; lastKnownFileType = sourcecode.swift; path = BMITests.swift; sourceTree = "<group>"; };
		13B5E5591FA122B4008A4F68 /* Info.plist */ = {isa = PBXFileReference; lastKnownFileType = text.plist.xml; path = Info.plist; sourceTree = "<group>"; };
		13B5E55E1FA122B4008A4F68 /* BMIUITests.xctest */ = {isa = PBXFileReference; explicitFileType = wrapper.cfbundle; includeInIndex = 0; path = BMIUITests.xctest; sourceTree = BUILT_PRODUCTS_DIR; };
		13B5E5621FA122B4008A4F68 /* BMIUITests.swift */ = {isa = PBXFileReference; lastKnownFileType = sourcecode.swift; path = BMIUITests.swift; sourceTree = "<group>"; };
		13B5E5641FA122B4008A4F68 /* Info.plist */ = {isa = PBXFileReference; lastKnownFileType = text.plist.xml; path = Info.plist; sourceTree = "<group>"; };
		13B5E5701FA13767008A4F68 /* TableViewController.swift */ = {isa = PBXFileReference; fileEncoding = 4; lastKnownFileType = sourcecode.swift; path = TableViewController.swift; sourceTree = "<group>"; };
/* End PBXFileReference section */

/* Begin PBXFrameworksBuildPhase section */
		13B5E53C1FA122B4008A4F68 /* Frameworks */ = {
			isa = PBXFrameworksBuildPhase;
			buildActionMask = 2147483647;
			files = (
			);
			runOnlyForDeploymentPostprocessing = 0;
		};
		13B5E5501FA122B4008A4F68 /* Frameworks */ = {
			isa = PBXFrameworksBuildPhase;
			buildActionMask = 2147483647;
			files = (
			);
			runOnlyForDeploymentPostprocessing = 0;
		};
		13B5E55B1FA122B4008A4F68 /* Frameworks */ = {
			isa = PBXFrameworksBuildPhase;
			buildActionMask = 2147483647;
			files = (
			);
			runOnlyForDeploymentPostprocessing = 0;
		};
/* End PBXFrameworksBuildPhase section */

/* Begin PBXGroup section */
		13B5E5361FA122B4008A4F68 = {
			isa = PBXGroup;
			children = (
				13B5E5411FA122B4008A4F68 /* BMI */,
				13B5E5561FA122B4008A4F68 /* BMITests */,
				13B5E5611FA122B4008A4F68 /* BMIUITests */,
				13B5E5401FA122B4008A4F68 /* Products */,
			);
			sourceTree = "<group>";
		};
		13B5E5401FA122B4008A4F68 /* Products */ = {
			isa = PBXGroup;
			children = (
				13B5E53F1FA122B4008A4F68 /* BMI.app */,
				13B5E5531FA122B4008A4F68 /* BMITests.xctest */,
				13B5E55E1FA122B4008A4F68 /* BMIUITests.xctest */,
			);
			name = Products;
			sourceTree = "<group>";
		};
		13B5E5411FA122B4008A4F68 /* BMI */ = {
			isa = PBXGroup;
			children = (
				13B5E5421FA122B4008A4F68 /* AppDelegate.swift */,
				13B5E5441FA122B4008A4F68 /* ViewController.swift */,
				13B5E5461FA122B4008A4F68 /* Main.storyboard */,
				13B5E5701FA13767008A4F68 /* TableViewController.swift */,
				13B5E5491FA122B4008A4F68 /* Assets.xcassets */,
				13B5E54B1FA122B4008A4F68 /* LaunchScreen.storyboard */,
				13B5E54E1FA122B4008A4F68 /* Info.plist */,
			);
			path = BMI;
			sourceTree = "<group>";
		};
		13B5E5561FA122B4008A4F68 /* BMITests */ = {
			isa = PBXGroup;
			children = (
				13B5E5571FA122B4008A4F68 /* BMITests.swift */,
				13B5E5591FA122B4008A4F68 /* Info.plist */,
			);
			path = BMITests;
			sourceTree = "<group>";
		};
		13B5E5611FA122B4008A4F68 /* BMIUITests */ = {
			isa = PBXGroup;
			children = (
				13B5E5621FA122B4008A4F68 /* BMIUITests.swift */,
				13B5E5641FA122B4008A4F68 /* Info.plist */,
			);
			path = BMIUITests;
			sourceTree = "<group>";
		};
/* End PBXGroup section */

/* Begin PBXNativeTarget section */
		13B5E53E1FA122B4008A4F68 /* BMI */ = {
			isa = PBXNativeTarget;
			buildConfigurationList = 13B5E5671FA122B4008A4F68 /* Build configuration list for PBXNativeTarget "BMI" */;
			buildPhases = (
				13B5E53B1FA122B4008A4F68 /* Sources */,
				13B5E53C1FA122B4008A4F68 /* Frameworks */,
				13B5E53D1FA122B4008A4F68 /* Resources */,
			);
			buildRules = (
			);
			dependencies = (
			);
			name = BMI;
			productName = BMI;
			productReference = 13B5E53F1FA122B4008A4F68 /* BMI.app */;
			productType = "com.apple.product-type.application";
		};
		13B5E5521FA122B4008A4F68 /* BMITests */ = {
			isa = PBXNativeTarget;
			buildConfigurationList = 13B5E56A1FA122B4008A4F68 /* Build configuration list for PBXNativeTarget "BMITests" */;
			buildPhases = (
				13B5E54F1FA122B4008A4F68 /* Sources */,
				13B5E5501FA122B4008A4F68 /* Frameworks */,
				13B5E5511FA122B4008A4F68 /* Resources */,
			);
			buildRules = (
			);
			dependencies = (
				13B5E5551FA122B4008A4F68 /* PBXTargetDependency */,
			);
			name = BMITests;
			productName = BMITests;
			productReference = 13B5E5531FA122B4008A4F68 /* BMITests.xctest */;
			productType = "com.apple.product-type.bundle.unit-test";
		};
		13B5E55D1FA122B4008A4F68 /* BMIUITests */ = {
			isa = PBXNativeTarget;
			buildConfigurationList = 13B5E56D1FA122B4008A4F68 /* Build configuration list for PBXNativeTarget "BMIUITests" */;
			buildPhases = (
				13B5E55A1FA122B4008A4F68 /* Sources */,
				13B5E55B1FA122B4008A4F68 /* Frameworks */,
				13B5E55C1FA122B4008A4F68 /* Resources */,
			);
			buildRules = (
			);
			dependencies = (
				13B5E5601FA122B4008A4F68 /* PBXTargetDependency */,
			);
			name = BMIUITests;
			productName = BMIUITests;
			productReference = 13B5E55E1FA122B4008A4F68 /* BMIUITests.xctest */;
			productType = "com.apple.product-type.bundle.ui-testing";
		};
/* End PBXNativeTarget section */

/* Begin PBXProject section */
		13B5E5371FA122B4008A4F68 /* Project object */ = {
			isa = PBXProject;
			attributes = {
				LastSwiftUpdateCheck = 0830;
				LastUpgradeCheck = 0830;
				ORGANIZATIONNAME = mcmorro1;
				TargetAttributes = {
					13B5E53E1FA122B4008A4F68 = {
						CreatedOnToolsVersion = 8.3.3;
						DevelopmentTeam = K63DT5L89W;
						ProvisioningStyle = Automatic;
					};
					13B5E5521FA122B4008A4F68 = {
						CreatedOnToolsVersion = 8.3.3;
						DevelopmentTeam = K63DT5L89W;
						ProvisioningStyle = Automatic;
						TestTargetID = 13B5E53E1FA122B4008A4F68;
					};
					13B5E55D1FA122B4008A4F68 = {
						CreatedOnToolsVersion = 8.3.3;
						DevelopmentTeam = K63DT5L89W;
						ProvisioningStyle = Automatic;
						TestTargetID = 13B5E53E1FA122B4008A4F68;
					};
				};
			};
			buildConfigurationList = 13B5E53A1FA122B4008A4F68 /* Build configuration list for PBXProject "BMI" */;
			compatibilityVersion = "Xcode 3.2";
			developmentRegion = English;
			hasScannedForEncodings = 0;
			knownRegions = (
				en,
				Base,
			);
			mainGroup = 13B5E5361FA122B4008A4F68;
			productRefGroup = 13B5E5401FA122B4008A4F68 /* Products */;
			projectDirPath = "";
			projectRoot = "";
			targets = (
				13B5E53E1FA122B4008A4F68 /* BMI */,
				13B5E5521FA122B4008A4F68 /* BMITests */,
				13B5E55D1FA122B4008A4F68 /* BMIUITests */,
			);
		};
/* End PBXProject section */

/* Begin PBXResourcesBuildPhase section */
		13B5E53D1FA122B4008A4F68 /* Resources */ = {
			isa = PBXResourcesBuildPhase;
			buildActionMask = 2147483647;
			files = (
				13B5E54D1FA122B4008A4F68 /* LaunchScreen.storyboard in Resources */,
				13B5E54A1FA122B4008A4F68 /* Assets.xcassets in Resources */,
				13B5E5481FA122B4008A4F68 /* Main.storyboard in Resources */,
			);
			runOnlyForDeploymentPostprocessing = 0;
		};
		13B5E5511FA122B4008A4F68 /* Resources */ = {
			isa = PBXResourcesBuildPhase;
			buildActionMask = 2147483647;
			files = (
			);
			runOnlyForDeploymentPostprocessing = 0;
		};
		13B5E55C1FA122B4008A4F68 /* Resources */ = {
			isa = PBXResourcesBuildPhase;
			buildActionMask = 2147483647;
			files = (
			);
			runOnlyForDeploymentPostprocessing = 0;
		};
/* End PBXResourcesBuildPhase section */

/* Begin PBXSourcesBuildPhase section */
		13B5E53B1FA122B4008A4F68 /* Sources */ = {
			isa = PBXSourcesBuildPhase;
			buildActionMask = 2147483647;
			files = (
				13B5E5451FA122B4008A4F68 /* ViewController.swift in Sources */,
				13B5E5711FA13767008A4F68 /* TableViewController.swift in Sources */,
				13B5E5431FA122B4008A4F68 /* AppDelegate.swift in Sources */,
			);
			runOnlyForDeploymentPostprocessing = 0;
		};
		13B5E54F1FA122B4008A4F68 /* Sources */ = {
			isa = PBXSourcesBuildPhase;
			buildActionMask = 2147483647;
			files = (
				13B5E5581FA122B4008A4F68 /* BMITests.swift in Sources */,
			);
			runOnlyForDeploymentPostprocessing = 0;
		};
		13B5E55A1FA122B4008A4F68 /* Sources */ = {
			isa = PBXSourcesBuildPhase;
			buildActionMask = 2147483647;
			files = (
				13B5E5631FA122B4008A4F68 /* BMIUITests.swift in Sources */,
			);
			runOnlyForDeploymentPostprocessing = 0;
		};
/* End PBXSourcesBuildPhase section */

/* Begin PBXTargetDependency section */
		13B5E5551FA122B4008A4F68 /* PBXTargetDependency */ = {
			isa = PBXTargetDependency;
			target = 13B5E53E1FA122B4008A4F68 /* BMI */;
			targetProxy = 13B5E5541FA122B4008A4F68 /* PBXContainerItemProxy */;
		};
		13B5E5601FA122B4008A4F68 /* PBXTargetDependency */ = {
			isa = PBXTargetDependency;
			target = 13B5E53E1FA122B4008A4F68 /* BMI */;
			targetProxy = 13B5E55F1FA122B4008A4F68 /* PBXContainerItemProxy */;
		};
/* End PBXTargetDependency section */

/* Begin PBXVariantGroup section */
		13B5E5461FA122B4008A4F68 /* Main.storyboard */ = {
			isa = PBXVariantGroup;
			children = (
				13B5E5471FA122B4008A4F68 /* Base */,
			);
			name = Main.storyboard;
			sourceTree = "<group>";
		};
		13B5E54B1FA122B4008A4F68 /* LaunchScreen.storyboard */ = {
			isa = PBXVariantGroup;
			children = (
				13B5E54C1FA122B4008A4F68 /* Base */,
			);
			name = LaunchScreen.storyboard;
			sourceTree = "<group>";
		};
/* End PBXVariantGroup section */

/* Begin XCBuildConfiguration section */
		13B5E5651FA122B4008A4F68 /* Debug */ = {
			isa = XCBuildConfiguration;
			buildSettings = {
				ALWAYS_SEARCH_USER_PATHS = NO;
				CLANG_ANALYZER_NONNULL = YES;
				CLANG_ANALYZER_NUMBER_OBJECT_CONVERSION = YES_AGGRESSIVE;
				CLANG_CXX_LANGUAGE_STANDARD = "gnu++0x";
				CLANG_CXX_LIBRARY = "libc++";
				CLANG_ENABLE_MODULES = YES;
				CLANG_ENABLE_OBJC_ARC = YES;
				CLANG_WARN_BOOL_CONVERSION = YES;
				CLANG_WARN_CONSTANT_CONVERSION = YES;
				CLANG_WARN_DIRECT_OBJC_ISA_USAGE = YES_ERROR;
				CLANG_WARN_DOCUMENTATION_COMMENTS = YES;
				CLANG_WARN_EMPTY_BODY = YES;
				CLANG_WARN_ENUM_CONVERSION = YES;
				CLANG_WARN_INFINITE_RECURSION = YES;
				CLANG_WARN_INT_CONVERSION = YES;
				CLANG_WARN_OBJC_ROOT_CLASS = YES_ERROR;
				CLANG_WARN_SUSPICIOUS_MOVE = YES;
				CLANG_WARN_UNREACHABLE_CODE = YES;
				CLANG_WARN__DUPLICATE_METHOD_MATCH = YES;
				"CODE_SIGN_IDENTITY[sdk=iphoneos*]" = "iPhone Developer";
				COPY_PHASE_STRIP = NO;
				DEBUG_INFORMATION_FORMAT = dwarf;
				ENABLE_STRICT_OBJC_MSGSEND = YES;
				ENABLE_TESTABILITY = YES;
				GCC_C_LANGUAGE_STANDARD = gnu99;
				GCC_DYNAMIC_NO_PIC = NO;
				GCC_NO_COMMON_BLOCKS = YES;
				GCC_OPTIMIZATION_LEVEL = 0;
				GCC_PREPROCESSOR_DEFINITIONS = (
					"DEBUG=1",
					"$(inherited)",
				);
				GCC_WARN_64_TO_32_BIT_CONVERSION = YES;
				GCC_WARN_ABOUT_RETURN_TYPE = YES_ERROR;
				GCC_WARN_UNDECLARED_SELECTOR = YES;
				GCC_WARN_UNINITIALIZED_AUTOS = YES_AGGRESSIVE;
				GCC_WARN_UNUSED_FUNCTION = YES;
				GCC_WARN_UNUSED_VARIABLE = YES;
				IPHONEOS_DEPLOYMENT_TARGET = 10.3;
				MTL_ENABLE_DEBUG_INFO = YES;
				ONLY_ACTIVE_ARCH = YES;
				SDKROOT = iphoneos;
				SWIFT_ACTIVE_COMPILATION_CONDITIONS = DEBUG;
				SWIFT_OPTIMIZATION_LEVEL = "-Onone";
				TARGETED_DEVICE_FAMILY = "1,2";
			};
			name = Debug;
		};
		13B5E5661FA122B4008A4F68 /* Release */ = {
			isa = XCBuildConfiguration;
			buildSettings = {
				ALWAYS_SEARCH_USER_PATHS = NO;
				CLANG_ANALYZER_NONNULL = YES;
				CLANG_ANALYZER_NUMBER_OBJECT_CONVERSION = YES_AGGRESSIVE;
				CLANG_CXX_LANGUAGE_STANDARD = "gnu++0x";
				CLANG_CXX_LIBRARY = "libc++";
				CLANG_ENABLE_MODULES = YES;
				CLANG_ENABLE_OBJC_ARC = YES;
				CLANG_WARN_BOOL_CONVERSION = YES;
				CLANG_WARN_CONSTANT_CONVERSION = YES;
				CLANG_WARN_DIRECT_OBJC_ISA_USAGE = YES_ERROR;
				CLANG_WARN_DOCUMENTATION_COMMENTS = YES;
				CLANG_WARN_EMPTY_BODY = YES;
				CLANG_WARN_ENUM_CONVERSION = YES;
				CLANG_WARN_INFINITE_RECURSION = YES;
				CLANG_WARN_INT_CONVERSION = YES;
				CLANG_WARN_OBJC_ROOT_CLASS = YES_ERROR;
				CLANG_WARN_SUSPICIOUS_MOVE = YES;
				CLANG_WARN_UNREACHABLE_CODE = YES;
				CLANG_WARN__DUPLICATE_METHOD_MATCH = YES;
				"CODE_SIGN_IDENTITY[sdk=iphoneos*]" = "iPhone Developer";
				COPY_PHASE_STRIP = NO;
				DEBUG_INFORMATION_FORMAT = "dwarf-with-dsym";
				ENABLE_NS_ASSERTIONS = NO;
				ENABLE_STRICT_OBJC_MSGSEND = YES;
				GCC_C_LANGUAGE_STANDARD = gnu99;
				GCC_NO_COMMON_BLOCKS = YES;
				GCC_WARN_64_TO_32_BIT_CONVERSION = YES;
				GCC_WARN_ABOUT_RETURN_TYPE = YES_ERROR;
				GCC_WARN_UNDECLARED_SELECTOR = YES;
				GCC_WARN_UNINITIALIZED_AUTOS = YES_AGGRESSIVE;
				GCC_WARN_UNUSED_FUNCTION = YES;
				GCC_WARN_UNUSED_VARIABLE = YES;
				IPHONEOS_DEPLOYMENT_TARGET = 10.3;
				MTL_ENABLE_DEBUG_INFO = NO;
				SDKROOT = iphoneos;
				SWIFT_OPTIMIZATION_LEVEL = "-Owholemodule";
				TARGETED_DEVICE_FAMILY = "1,2";
				VALIDATE_PRODUCT = YES;
			};
			name = Release;
		};
		13B5E5681FA122B4008A4F68 /* Debug */ = {
			isa = XCBuildConfiguration;
			buildSettings = {
				ASSETCATALOG_COMPILER_APPICON_NAME = AppIcon;
				DEVELOPMENT_TEAM = K63DT5L89W;
				INFOPLIST_FILE = BMI/Info.plist;
				LD_RUNPATH_SEARCH_PATHS = "$(inherited) @executable_path/Frameworks";
				PRODUCT_BUNDLE_IDENTIFIER = "iOS-Class.BMI";
				PRODUCT_NAME = "$(TARGET_NAME)";
				SWIFT_VERSION = 3.0;
			};
			name = Debug;
		};
		13B5E5691FA122B4008A4F68 /* Release */ = {
			isa = XCBuildConfiguration;
			buildSettings = {
				ASSETCATALOG_COMPILER_APPICON_NAME = AppIcon;
				DEVELOPMENT_TEAM = K63DT5L89W;
				INFOPLIST_FILE = BMI/Info.plist;
				LD_RUNPATH_SEARCH_PATHS = "$(inherited) @executable_path/Frameworks";
				PRODUCT_BUNDLE_IDENTIFIER = "iOS-Class.BMI";
				PRODUCT_NAME = "$(TARGET_NAME)";
				SWIFT_VERSION = 3.0;
			};
			name = Release;
		};
		13B5E56B1FA122B4008A4F68 /* Debug */ = {
			isa = XCBuildConfiguration;
			buildSettings = {
				ALWAYS_EMBED_SWIFT_STANDARD_LIBRARIES = YES;
				BUNDLE_LOADER = "$(TEST_HOST)";
				DEVELOPMENT_TEAM = K63DT5L89W;
				INFOPLIST_FILE = BMITests/Info.plist;
				LD_RUNPATH_SEARCH_PATHS = "$(inherited) @executable_path/Frameworks @loader_path/Frameworks";
				PRODUCT_BUNDLE_IDENTIFIER = "iOS-Class.BMITests";
				PRODUCT_NAME = "$(TARGET_NAME)";
				SWIFT_VERSION = 3.0;
				TEST_HOST = "$(BUILT_PRODUCTS_DIR)/BMI.app/BMI";
			};
			name = Debug;
		};
		13B5E56C1FA122B4008A4F68 /* Release */ = {
			isa = XCBuildConfiguration;
			buildSettings = {
				ALWAYS_EMBED_SWIFT_STANDARD_LIBRARIES = YES;
				BUNDLE_LOADER = "$(TEST_HOST)";
				DEVELOPMENT_TEAM = K63DT5L89W;
				INFOPLIST_FILE = BMITests/Info.plist;
				LD_RUNPATH_SEARCH_PATHS = "$(inherited) @executable_path/Frameworks @loader_path/Frameworks";
				PRODUCT_BUNDLE_IDENTIFIER = "iOS-Class.BMITests";
				PRODUCT_NAME = "$(TARGET_NAME)";
				SWIFT_VERSION = 3.0;
				TEST_HOST = "$(BUILT_PRODUCTS_DIR)/BMI.app/BMI";
			};
			name = Release;
		};
		13B5E56E1FA122B4008A4F68 /* Debug */ = {
			isa = XCBuildConfiguration;
			buildSettings = {
				ALWAYS_EMBED_SWIFT_STANDARD_LIBRARIES = YES;
				DEVELOPMENT_TEAM = K63DT5L89W;
				INFOPLIST_FILE = BMIUITests/Info.plist;
				LD_RUNPATH_SEARCH_PATHS = "$(inherited) @executable_path/Frameworks @loader_path/Frameworks";
				PRODUCT_BUNDLE_IDENTIFIER = "iOS-Class.BMIUITests";
				PRODUCT_NAME = "$(TARGET_NAME)";
				SWIFT_VERSION = 3.0;
				TEST_TARGET_NAME = BMI;
			};
			name = Debug;
		};
		13B5E56F1FA122B4008A4F68 /* Release */ = {
			isa = XCBuildConfiguration;
			buildSettings = {
				ALWAYS_EMBED_SWIFT_STANDARD_LIBRARIES = YES;
				DEVELOPMENT_TEAM = K63DT5L89W;
				INFOPLIST_FILE = BMIUITests/Info.plist;
				LD_RUNPATH_SEARCH_PATHS = "$(inherited) @executable_path/Frameworks @loader_path/Frameworks";
				PRODUCT_BUNDLE_IDENTIFIER = "iOS-Class.BMIUITests";
				PRODUCT_NAME = "$(TARGET_NAME)";
				SWIFT_VERSION = 3.0;
				TEST_TARGET_NAME = BMI;
			};
			name = Release;
		};
/* End XCBuildConfiguration section */

/* Begin XCConfigurationList section */
		13B5E53A1FA122B4008A4F68 /* Build configuration list for PBXProject "BMI" */ = {
			isa = XCConfigurationList;
			buildConfigurations = (
				13B5E5651FA122B4008A4F68 /* Debug */,
				13B5E5661FA122B4008A4F68 /* Release */,
			);
			defaultConfigurationIsVisible = 0;
			defaultConfigurationName = Release;
		};
		13B5E5671FA122B4008A4F68 /* Build configuration list for PBXNativeTarget "BMI" */ = {
			isa = XCConfigurationList;
			buildConfigurations = (
				13B5E5681FA122B4008A4F68 /* Debug */,
				13B5E5691FA122B4008A4F68 /* Release */,
			);
			defaultConfigurationIsVisible = 0;
		};
		13B5E56A1FA122B4008A4F68 /* Build configuration list for PBXNativeTarget "BMITests" */ = {
			isa = XCConfigurationList;
			buildConfigurations = (
				13B5E56B1FA122B4008A4F68 /* Debug */,
				13B5E56C1FA122B4008A4F68 /* Release */,
			);
			defaultConfigurationIsVisible = 0;
		};
		13B5E56D1FA122B4008A4F68 /* Build configuration list for PBXNativeTarget "BMIUITests" */ = {
			isa = XCConfigurationList;
			buildConfigurations = (
				13B5E56E1FA122B4008A4F68 /* Debug */,
				13B5E56F1FA122B4008A4F68 /* Release */,
			);
			defaultConfigurationIsVisible = 0;
		};
/* End XCConfigurationList section */
	};
	rootObject = 13B5E5371FA122B4008A4F68 /* Project object */;
}
